
Microsoft Visual Studio Solution File, Format Version 12.00
# Visual Studio Version 17
VisualStudioVersion = 17.6.33815.320
MinimumVisualStudioVersion = 10.0.40219.1
Project("{2150E333-8FDC-42A3-9474-1A3956D46DE8}") = "src", "src", "{AAA07058-90F0-43D5-9B1F-52A695E57554}"
EndProject
Project("{2150E333-8FDC-42A3-9474-1A3956D46DE8}") = "test", "test", "{F2B97CA5-DDBE-4F8B-8406-EDB503E67467}"
EndProject
Project("{9A19103F-16F7-4668-BE54-9A1E7A4F7556}") = "Grizzlly.BlazorJS", "src\Grizzlly.BlazorJS\Grizzlly.BlazorJS.csproj", "{9D7FF008-FA1E-43B6-9A52-2EFA07953C28}"
EndProject
Project("{9A19103F-16F7-4668-BE54-9A1E7A4F7556}") = "Grizzlly.BlazorJS.MSBuild", "src\Grizzlly.BlazorJS.MSBuild\Grizzlly.BlazorJS.MSBuild.csproj", "{1F82B474-01D0-4314-BD82-7B10B0CA9CD6}"
EndProject
Project("{9A19103F-16F7-4668-BE54-9A1E7A4F7556}") = "BlazorWASM", "test\BlazorWASM\BlazorWASM.csproj", "{25340CCA-DE43-4D8A-9536-DB75DFFB83F0}"
EndProject
Project("{2150E333-8FDC-42A3-9474-1A3956D46DE8}") = "Solution Items", "Solution Items", "{87D27974-AA66-4942-B094-C6651661C818}"
	ProjectSection(SolutionItems) = preProject
		.gitattributes = .gitattributes
		.gitignore = .gitignore
		LICENSE.txt = LICENSE.txt
		README.md = README.md
	EndProjectSection
EndProject
Project("{FAE04EC0-301F-11D3-BF4B-00C04F79EFBC}") = "Grizzlly.BlazorJS.MSBuild.Test", "test\Grizzlly.BlazorJS.MSBuild.Test\Grizzlly.BlazorJS.MSBuild.Test.csproj", "{E3A9B283-D97C-46C8-AD30-DF3F9585206B}"
EndProject
Global
	GlobalSection(SolutionConfigurationPlatforms) = preSolution
		Debug|Any CPU = Debug|Any CPU
		Release|Any CPU = Release|Any CPU
	EndGlobalSection
	GlobalSection(ProjectConfigurationPlatforms) = postSolution
		{9D7FF008-FA1E-43B6-9A52-2EFA07953C28}.Debug|Any CPU.ActiveCfg = Debug|Any CPU
		{9D7FF008-FA1E-43B6-9A52-2EFA07953C28}.Debug|Any CPU.Build.0 = Debug|Any CPU
		{9D7FF008-FA1E-43B6-9A52-2EFA07953C28}.Release|Any CPU.ActiveCfg = Release|Any CPU
		{9D7FF008-FA1E-43B6-9A52-2EFA07953C28}.Release|Any CPU.Build.0 = Release|Any CPU
		{1F82B474-01D0-4314-BD82-7B10B0CA9CD6}.Debug|Any CPU.ActiveCfg = Debug|Any CPU
		{1F82B474-01D0-4314-BD82-7B10B0CA9CD6}.Debug|Any CPU.Build.0 = Debug|Any CPU
		{1F82B474-01D0-4314-BD82-7B10B0CA9CD6}.Release|Any CPU.ActiveCfg = Release|Any CPU
		{1F82B474-01D0-4314-BD82-7B10B0CA9CD6}.Release|Any CPU.Build.0 = Release|Any CPU
		{25340CCA-DE43-4D8A-9536-DB75DFFB83F0}.Debug|Any CPU.ActiveCfg = Debug|Any CPU
		{25340CCA-DE43-4D8A-9536-DB75DFFB83F0}.Debug|Any CPU.Build.0 = Debug|Any CPU
		{25340CCA-DE43-4D8A-9536-DB75DFFB83F0}.Release|Any CPU.ActiveCfg = Release|Any CPU
		{25340CCA-DE43-4D8A-9536-DB75DFFB83F0}.Release|Any CPU.Build.0 = Release|Any CPU
		{E3A9B283-D97C-46C8-AD30-DF3F9585206B}.Debug|Any CPU.ActiveCfg = Debug|Any CPU
		{E3A9B283-D97C-46C8-AD30-DF3F9585206B}.Debug|Any CPU.Build.0 = Debug|Any CPU
		{E3A9B283-D97C-46C8-AD30-DF3F9585206B}.Release|Any CPU.ActiveCfg = Release|Any CPU
		{E3A9B283-D97C-46C8-AD30-DF3F9585206B}.Release|Any CPU.Build.0 = Release|Any CPU
	EndGlobalSection
	GlobalSection(SolutionProperties) = preSolution
		HideSolutionNode = FALSE
	EndGlobalSection
	GlobalSection(NestedProjects) = preSolution
		{9D7FF008-FA1E-43B6-9A52-2EFA07953C28} = {AAA07058-90F0-43D5-9B1F-52A695E57554}
		{1F82B474-01D0-4314-BD82-7B10B0CA9CD6} = {AAA07058-90F0-43D5-9B1F-52A695E57554}
		{25340CCA-DE43-4D8A-9536-DB75DFFB83F0} = {F2B97CA5-DDBE-4F8B-8406-EDB503E67467}
		{E3A9B283-D97C-46C8-AD30-DF3F9585206B} = {F2B97CA5-DDBE-4F8B-8406-EDB503E67467}
	EndGlobalSection
	GlobalSection(ExtensibilityGlobals) = postSolution
		SolutionGuid = {40A8B93C-2664-469A-866B-E2E6F2D384DB}
	EndGlobalSection
EndGlobal
